
Microsoft Visual Studio Solution File, Format Version 12.00
# Visual Studio Version 16
VisualStudioVersion = 16.0.31515.178
MinimumVisualStudioVersion = 10.0.40219.1
Project("{FAE04EC0-301F-11D3-BF4B-00C04F79EFBC}") = "ReverseAStringMVCPractice", "ReverseAStringMVCPractice\ReverseAStringMVCPractice.csproj", "{F2A169F7-4A2B-49B7-B23D-0E17CFF28B9A}"
EndProject
Global
	GlobalSection(SolutionConfigurationPlatforms) = preSolution
		Debug|Any CPU = Debug|Any CPU
		Release|Any CPU = Release|Any CPU
	EndGlobalSection
	GlobalSection(ProjectConfigurationPlatforms) = postSolution
		{F2A169F7-4A2B-49B7-B23D-0E17CFF28B9A}.Debug|Any CPU.ActiveCfg = Debug|Any CPU
		{F2A169F7-4A2B-49B7-B23D-0E17CFF28B9A}.Debug|Any CPU.Build.0 = Debug|Any CPU
		{F2A169F7-4A2B-49B7-B23D-0E17CFF28B9A}.Release|Any CPU.ActiveCfg = Release|Any CPU
		{F2A169F7-4A2B-49B7-B23D-0E17CFF28B9A}.Release|Any CPU.Build.0 = Release|Any CPU
	EndGlobalSection
	GlobalSection(SolutionProperties) = preSolution
		HideSolutionNode = FALSE
	EndGlobalSection
	GlobalSection(ExtensibilityGlobals) = postSolution
		SolutionGuid = {B73BF134-311A-4E5B-BA73-D5D7EFC7B473}
	EndGlobalSection
EndGlobal
